# THIS IS AN AUTOGENERATED FILE. DO NOT EDIT THIS FILE DIRECTLY.
# yarn lockfile v1


"@types/node@^12.12.24":
  version "12.12.50"
  resolved "https://registry.yarnpkg.com/@types/node/-/node-12.12.50.tgz#e9b2e85fafc15f2a8aa8fdd41091b983da5fd6ee"
  integrity sha512-5ImO01Fb8YsEOYpV+aeyGYztcYcjGsBvN4D7G5r1ef2cuQOpymjWNQi5V0rKHE6PC2ru3HkoUr/Br2/8GUA84w==

typescript@^3.7.4:
  version "3.9.6"
  resolved "https://registry.yarnpkg.com/typescript/-/typescript-3.9.6.tgz#8f3e0198a34c3ae17091b35571d3afd31999365a"
  integrity sha512-Pspx3oKAPJtjNwE92YS05HQoY7z2SFyOpHo9MqJor3BXAGNaPUs83CuVp9VISFkSjyRfiTpmKuAYGJB7S7hOxw==
